// !$*UTF8*$!
{
	archiveVersion = 1;
	classes = {
	};
	objectVersion = 46;
	objects = {

/* Begin PBXBuildFile section */
		800F95711CB7B453004BADD1 /* AppDelegate.swift in Sources */ = {isa = PBXBuildFile; fileRef = 800F95701CB7B453004BADD1 /* AppDelegate.swift */; };
		800F95731CB7B453004BADD1 /* ViewController.swift in Sources */ = {isa = PBXBuildFile; fileRef = 800F95721CB7B453004BADD1 /* ViewController.swift */; };
		800F95761CB7B453004BADD1 /* Main.storyboard in Resources */ = {isa = PBXBuildFile; fileRef = 800F95741CB7B453004BADD1 /* Main.storyboard */; };
		800F95781CB7B453004BADD1 /* Assets.xcassets in Resources */ = {isa = PBXBuildFile; fileRef = 800F95771CB7B453004BADD1 /* Assets.xcassets */; };
		800F957B1CB7B453004BADD1 /* LaunchScreen.storyboard in Resources */ = {isa = PBXBuildFile; fileRef = 800F95791CB7B453004BADD1 /* LaunchScreen.storyboard */; };
		800F95831CB7B464004BADD1 /* ProgressView.swift in Sources */ = {isa = PBXBuildFile; fileRef = 800F95821CB7B464004BADD1 /* ProgressView.swift */; };
/* End PBXBuildFile section */

/* Begin PBXFileReference section */
		800F956D1CB7B453004BADD1 /* ProgressView.app */ = {isa = PBXFileReference; explicitFileType = wrapper.application; includeInIndex = 0; path = ProgressView.app; sourceTree = BUILT_PRODUCTS_DIR; };
		800F95701CB7B453004BADD1 /* AppDelegate.swift */ = {isa = PBXFileReference; lastKnownFileType = sourcecode.swift; path = AppDelegate.swift; sourceTree = "<group>"; };
		800F95721CB7B453004BADD1 /* ViewController.swift */ = {isa = PBXFileReference; lastKnownFileType = sourcecode.swift; path = ViewController.swift; sourceTree = "<group>"; };
		800F95751CB7B453004BADD1 /* Base */ = {isa = PBXFileReference; lastKnownFileType = file.storyboard; name = Base; path = Base.lproj/Main.storyboard; sourceTree = "<group>"; };
		800F95771CB7B453004BADD1 /* Assets.xcassets */ = {isa = PBXFileReference; lastKnownFileType = folder.assetcatalog; path = Assets.xcassets; sourceTree = "<group>"; };
		800F957A1CB7B453004BADD1 /* Base */ = {isa = PBXFileReference; lastKnownFileType = file.storyboard; name = Base; path = Base.lproj/LaunchScreen.storyboard; sourceTree = "<group>"; };
		800F957C1CB7B453004BADD1 /* Info.plist */ = {isa = PBXFileReference; lastKnownFileType = text.plist.xml; path = Info.plist; sourceTree = "<group>"; };
		800F95821CB7B464004BADD1 /* ProgressView.swift */ = {isa = PBXFileReference; fileEncoding = 4; lastKnownFileType = sourcecode.swift; path = ProgressView.swift; sourceTree = "<group>"; };
/* End PBXFileReference section */

/* Begin PBXFrameworksBuildPhase section */
		800F956A1CB7B453004BADD1 /* Frameworks */ = {
			isa = PBXFrameworksBuildPhase;
			buildActionMask = 2147483647;
			files = (
			);
			runOnlyForDeploymentPostprocessing = 0;
		};
/* End PBXFrameworksBuildPhase section */

/* Begin PBXGroup section */
		800F95641CB7B453004BADD1 = {
			isa = PBXGroup;
			children = (
				800F956F1CB7B453004BADD1 /* ProgressView */,
				800F956E1CB7B453004BADD1 /* Products */,
			);
			sourceTree = "<group>";
		};
		800F956E1CB7B453004BADD1 /* Products */ = {
			isa = PBXGroup;
			children = (
				800F956D1CB7B453004BADD1 /* ProgressView.app */,
			);
			name = Products;
			sourceTree = "<group>";
		};
		800F956F1CB7B453004BADD1 /* ProgressView */ = {
			isa = PBXGroup;
			children = (
				800F95701CB7B453004BADD1 /* AppDelegate.swift */,
				800F95821CB7B464004BADD1 /* ProgressView.swift */,
				800F95721CB7B453004BADD1 /* ViewController.swift */,
				800F95741CB7B453004BADD1 /* Main.storyboard */,
				800F95771CB7B453004BADD1 /* Assets.xcassets */,
				800F95791CB7B453004BADD1 /* LaunchScreen.storyboard */,
				800F957C1CB7B453004BADD1 /* Info.plist */,
			);
			path = ProgressView;
			sourceTree = "<group>";
		};
/* End PBXGroup section */

/* Begin PBXNativeTarget section */
		800F956C1CB7B453004BADD1 /* ProgressView */ = {
			isa = PBXNativeTarget;
			buildConfigurationList = 800F957F1CB7B453004BADD1 /* Build configuration list for PBXNativeTarget "ProgressView" */;
			buildPhases = (
				800F95691CB7B453004BADD1 /* Sources */,
				800F956A1CB7B453004BADD1 /* Frameworks */,
				800F956B1CB7B453004BADD1 /* Resources */,
			);
			buildRules = (
			);
			dependencies = (
			);
			name = ProgressView;
			productName = ProgressView;
			productReference = 800F956D1CB7B453004BADD1 /* ProgressView.app */;
			productType = "com.apple.product-type.application";
		};
/* End PBXNativeTarget section */

/* Begin PBXProject section */
		800F95651CB7B453004BADD1 /* Project object */ = {
			isa = PBXProject;
			attributes = {
				LastSwiftUpdateCheck = 0720;
				LastUpgradeCheck = 0720;
				ORGANIZATIONNAME = answer.zou;
				TargetAttributes = {
					800F956C1CB7B453004BADD1 = {
						CreatedOnToolsVersion = 7.2.1;
						DevelopmentTeam = LBTKGDTLSF;
					};
				};
			};
			buildConfigurationList = 800F95681CB7B453004BADD1 /* Build configuration list for PBXProject "ProgressView" */;
			compatibilityVersion = "Xcode 3.2";
			developmentRegion = English;
			hasScannedForEncodings = 0;
			knownRegions = (
				en,
				Base,
			);
			mainGroup = 800F95641CB7B453004BADD1;
			productRefGroup = 800F956E1CB7B453004BADD1 /* Products */;
			projectDirPath = "";
			projectRoot = "";
			targets = (
				800F956C1CB7B453004BADD1 /* ProgressView */,
			);
		};
/* End PBXProject section */

/* Begin PBXResourcesBuildPhase section */
		800F956B1CB7B453004BADD1 /* Resources */ = {
			isa = PBXResourcesBuildPhase;
			buildActionMask = 2147483647;
			files = (
				800F957B1CB7B453004BADD1 /* LaunchScreen.storyboard in Resources */,
				800F95781CB7B453004BADD1 /* Assets.xcassets in Resources */,
				800F95761CB7B453004BADD1 /* Main.storyboard in Resources */,
			);
			runOnlyForDeploymentPostprocessing = 0;
		};
/* End PBXResourcesBuildPhase section */

/* Begin PBXSourcesBuildPhase section */
		800F95691CB7B453004BADD1 /* Sources */ = {
			isa = PBXSourcesBuildPhase;
			buildActionMask = 2147483647;
			files = (
				800F95731CB7B453004BADD1 /* ViewController.swift in Sources */,
				800F95711CB7B453004BADD1 /* AppDelegate.swift in Sources */,
				800F95831CB7B464004BADD1 /* ProgressView.swift in Sources */,
			);
			runOnlyForDeploymentPostprocessing = 0;
		};
/* End PBXSourcesBuildPhase section */

/* Begin PBXVariantGroup section */
		800F95741CB7B453004BADD1 /* Main.storyboard */ = {
			isa = PBXVariantGroup;
			children = (
				800F95751CB7B453004BADD1 /* Base */,
			);
			name = Main.storyboard;
			sourceTree = "<group>";
		};
		800F95791CB7B453004BADD1 /* LaunchScreen.storyboard */ = {
			isa = PBXVariantGroup;
			children = (
				800F957A1CB7B453004BADD1 /* Base */,
			);
			name = LaunchScreen.storyboard;
			sourceTree = "<group>";
		};
/* End PBXVariantGroup section */

/* Begin XCBuildConfiguration section */
		800F957D1CB7B453004BADD1 /* Debug */ = {
			isa = XCBuildConfiguration;
			buildSettings = {
				ALWAYS_SEARCH_USER_PATHS = NO;
				CLANG_CXX_LANGUAGE_STANDARD = "gnu++0x";
				CLANG_CXX_LIBRARY = "libc++";
				CLANG_ENABLE_MODULES = YES;
				CLANG_ENABLE_OBJC_ARC = YES;
				CLANG_WARN_BOOL_CONVERSION = YES;
				CLANG_WARN_CONSTANT_CONVERSION = YES;
				CLANG_WARN_DIRECT_OBJC_ISA_USAGE = YES_ERROR;
				CLANG_WARN_EMPTY_BODY = YES;
				CLANG_WARN_ENUM_CONVERSION = YES;
				CLANG_WARN_INT_CONVERSION = YES;
				CLANG_WARN_OBJC_ROOT_CLASS = YES_ERROR;
				CLANG_WARN_UNREACHABLE_CODE = YES;
				CLANG_WARN__DUPLICATE_METHOD_MATCH = YES;
				"CODE_SIGN_IDENTITY[sdk=iphoneos*]" = "iPhone Developer";
				COPY_PHASE_STRIP = NO;
				DEBUG_INFORMATION_FORMAT = dwarf;
				ENABLE_STRICT_OBJC_MSGSEND = YES;
				ENABLE_TESTABILITY = YES;
				GCC_C_LANGUAGE_STANDARD = gnu99;
				GCC_DYNAMIC_NO_PIC = NO;
				GCC_NO_COMMON_BLOCKS = YES;
				GCC_OPTIMIZATION_LEVEL = 0;
				GCC_PREPROCESSOR_DEFINITIONS = (
					"DEBUG=1",
					"$(inherited)",
				);
				GCC_WARN_64_TO_32_BIT_CONVERSION = YES;
				GCC_WARN_ABOUT_RETURN_TYPE = YES_ERROR;
				GCC_WARN_UNDECLARED_SELECTOR = YES;
				GCC_WARN_UNINITIALIZED_AUTOS = YES_AGGRESSIVE;
				GCC_WARN_UNUSED_FUNCTION = YES;
				GCC_WARN_UNUSED_VARIABLE = YES;
				IPHONEOS_DEPLOYMENT_TARGET = 9.2;
				MTL_ENABLE_DEBUG_INFO = YES;
				ONLY_ACTIVE_ARCH = YES;
				SDKROOT = iphoneos;
				SWIFT_OPTIMIZATION_LEVEL = "-Onone";
			};
			name = Debug;
		};
		800F957E1CB7B453004BADD1 /* Release */ = {
			isa = XCBuildConfiguration;
			buildSettings = {
				ALWAYS_SEARCH_USER_PATHS = NO;
				CLANG_CXX_LANGUAGE_STANDARD = "gnu++0x";
				CLANG_CXX_LIBRARY = "libc++";
				CLANG_ENABLE_MODULES = YES;
				CLANG_ENABLE_OBJC_ARC = YES;
				CLANG_WARN_BOOL_CONVERSION = YES;
				CLANG_WARN_CONSTANT_CONVERSION = YES;
				CLANG_WARN_DIRECT_OBJC_ISA_USAGE = YES_ERROR;
				CLANG_WARN_EMPTY_BODY = YES;
				CLANG_WARN_ENUM_CONVERSION = YES;
				CLANG_WARN_INT_CONVERSION = YES;
				CLANG_WARN_OBJC_ROOT_CLASS = YES_ERROR;
				CLANG_WARN_UNREACHABLE_CODE = YES;
				CLANG_WARN__DUPLICATE_METHOD_MATCH = YES;
				"CODE_SIGN_IDENTITY[sdk=iphoneos*]" = "iPhone Developer";
				COPY_PHASE_STRIP = NO;
				DEBUG_INFORMATION_FORMAT = "dwarf-with-dsym";
				ENABLE_NS_ASSERTIONS = NO;
				ENABLE_STRICT_OBJC_MSGSEND = YES;
				GCC_C_LANGUAGE_STANDARD = gnu99;
				GCC_NO_COMMON_BLOCKS = YES;
				GCC_WARN_64_TO_32_BIT_CONVERSION = YES;
				GCC_WARN_ABOUT_RETURN_TYPE = YES_ERROR;
				GCC_WARN_UNDECLARED_SELECTOR = YES;
				GCC_WARN_UNINITIALIZED_AUTOS = YES_AGGRESSIVE;
				GCC_WARN_UNUSED_FUNCTION = YES;
				GCC_WARN_UNUSED_VARIABLE = YES;
				IPHONEOS_DEPLOYMENT_TARGET = 9.2;
				MTL_ENABLE_DEBUG_INFO = NO;
				SDKROOT = iphoneos;
				VALIDATE_PRODUCT = YES;
			};
			name = Release;
		};
		800F95801CB7B453004BADD1 /* Debug */ = {
			isa = XCBuildConfiguration;
			buildSettings = {
				ASSETCATALOG_COMPILER_APPICON_NAME = AppIcon;
				INFOPLIST_FILE = ProgressView/Info.plist;
				LD_RUNPATH_SEARCH_PATHS = "$(inherited) @executable_path/Frameworks";
				PRODUCT_BUNDLE_IDENTIFIER = zou.ProgressView;
				PRODUCT_NAME = "$(TARGET_NAME)";
			};
			name = Debug;
		};
		800F95811CB7B453004BADD1 /* Release */ = {
			isa = XCBuildConfiguration;
			buildSettings = {
				ASSETCATALOG_COMPILER_APPICON_NAME = AppIcon;
				INFOPLIST_FILE = ProgressView/Info.plist;
				LD_RUNPATH_SEARCH_PATHS = "$(inherited) @executable_path/Frameworks";
				PRODUCT_BUNDLE_IDENTIFIER = zou.ProgressView;
				PRODUCT_NAME = "$(TARGET_NAME)";
			};
			name = Release;
		};
/* End XCBuildConfiguration section */

/* Begin XCConfigurationList section */
		800F95681CB7B453004BADD1 /* Build configuration list for PBXProject "ProgressView" */ = {
			isa = XCConfigurationList;
			buildConfigurations = (
				800F957D1CB7B453004BADD1 /* Debug */,
				800F957E1CB7B453004BADD1 /* Release */,
			);
			defaultConfigurationIsVisible = 0;
			defaultConfigurationName = Release;
		};
		800F957F1CB7B453004BADD1 /* Build configuration list for PBXNativeTarget "ProgressView" */ = {
			isa = XCConfigurationList;
			buildConfigurations = (
				800F95801CB7B453004BADD1 /* Debug */,
				800F95811CB7B453004BADD1 /* Release */,
			);
			defaultConfigurationIsVisible = 0;
		};
/* End XCConfigurationList section */
	};
	rootObject = 800F95651CB7B453004BADD1 /* Project object */;
}
